<?xml version="1.0" encoding="utf-8"?>
<Project ToolsVersion="4.0" xmlns="http://schemas.microsoft.com/developer/msbuild/2003">
  <ItemGroup>
    <Filter Include="Source Files">
      <UniqueIdentifier>{4FC737F1-C7A5-4376-A066-2A32D752A2FF}</UniqueIdentifier>
      <Extensions>cpp;c;cc;cxx;def;odl;idl;hpj;bat;asm;asmx</Extensions>
    </Filter>
    <Filter Include="Header Files">
      <UniqueIdentifier>{93995380-89BD-4b04-88EB-625FBE52EBFB}</UniqueIdentifier>
      <Extensions>h;hpp;hxx;hm;inl;inc;xsd</Extensions>
    </Filter>
    <Filter Include="Resource Files">
      <UniqueIdentifier>{67DA6AB6-F800-4c08-8B7A-83BB121AAD01}</UniqueIdentifier>
      <Extensions>rc;ico;cur;bmp;dlg;rc2;rct;bin;rgs;gif;jpg;jpeg;jpe;resx;tiff;tif;png;wav;mfcribbon-ms</Extensions>
    </Filter>
  </ItemGroup>
  <ItemGroup>
    <Text Include="ReadMe.txt" />
  </ItemGroup>
  <ItemGroup>
    <ClInclude Include="stdafx.h">
      <Filter>Header Files</Filter>
    </ClInclude>
    <ClInclude Include="targetver.h">
      <Filter>Header Files</Filter>
    </ClInclude>
    <ClInclude Include="Filter.hpp">
      <Filter>Header Files</Filter>
    </ClInclude>
    <ClInclude Include="AccountsOpenPast24Months.hpp">
      <Filter>Header Files</Filter>
    </ClInclude>
    <ClInclude Include="Utilities.hpp">
      <Filter>Header Files</Filter>
    </ClInclude>
    <ClInclude Include="AmountRequested.hpp">
      <Filter>Header Files</Filter>
    </ClInclude>
    <ClInclude Include="LoanData.hpp">
      <Filter>Header Files</Filter>
    </ClInclude>
    <ClInclude Include="Filters.hpp">
      <Filter>Header Files</Filter>
    </ClInclude>
    <ClInclude Include="CSV.hpp">
      <Filter>Header Files</Filter>
    </ClInclude>
    <ClInclude Include="LCBT.hpp">
      <Filter>Header Files</Filter>
    </ClInclude>
    <ClInclude Include="Loan.hpp">
      <Filter>Header Files</Filter>
    </ClInclude>
    <ClInclude Include="csv.h">
      <Filter>Header Files</Filter>
    </ClInclude>
    <ClInclude Include="StubFilter.hpp">
      <Filter>Header Files</Filter>
    </ClInclude>
    <ClInclude Include="FastDelegate.h">
      <Filter>Header Files</Filter>
    </ClInclude>
    <ClInclude Include="FastDelegate2011.h">
      <Filter>Header Files</Filter>
    </ClInclude>
    <ClInclude Include="FastDelegateBind.h">
      <Filter>Header Files</Filter>
    </ClInclude>
    <ClInclude Include="FastFunc.hpp">
      <Filter>Header Files</Filter>
    </ClInclude>
    <ClInclude Include="LCGA.hpp">
      <Filter>Header Files</Filter>
    </ClInclude>
    <ClInclude Include="AnnualIncome.hpp">
      <Filter>Header Files</Filter>
    </ClInclude>
    <ClInclude Include="CreditGrade.hpp">
      <Filter>Header Files</Filter>
    </ClInclude>
    <ClInclude Include="DebtToIncomeRatio.hpp">
      <Filter>Header Files</Filter>
    </ClInclude>
    <ClInclude Include="Delinquencies.hpp">
      <Filter>Header Files</Filter>
    </ClInclude>
    <ClInclude Include="EarliestCreditLine.hpp">
      <Filter>Header Files</Filter>
    </ClInclude>
    <ClInclude Include="EmploymentLength.hpp">
      <Filter>Header Files</Filter>
    </ClInclude>
    <ClInclude Include="HomeOwnership.hpp">
      <Filter>Header Files</Filter>
    </ClInclude>
    <ClInclude Include="IncomeValidated.hpp">
      <Filter>Header Files</Filter>
    </ClInclude>
    <ClInclude Include="InqueriesLast6Months.hpp">
      <Filter>Header Files</Filter>
    </ClInclude>
    <ClInclude Include="MonthsSinceLastDelinquency.hpp">
      <Filter>Header Files</Filter>
    </ClInclude>
    <ClInclude Include="PublicRecordsOnFile.hpp">
      <Filter>Header Files</Filter>
    </ClInclude>
    <ClInclude Include="RevolvingLineUtilization.hpp">
      <Filter>Header Files</Filter>
    </ClInclude>
    <ClInclude Include="TotalCreditLines.hpp">
      <Filter>Header Files</Filter>
    </ClInclude>
    <ClInclude Include="LoanPurpose.hpp">
      <Filter>Header Files</Filter>
    </ClInclude>
    <ClInclude Include="WordsInDescription.hpp">
      <Filter>Header Files</Filter>
    </ClInclude>
    <ClInclude Include="State.hpp">
      <Filter>Header Files</Filter>
    </ClInclude>
    <ClInclude Include="Arguments.hpp">
      <Filter>Header Files</Filter>
    </ClInclude>
    <ClInclude Include="Types.hpp">
      <Filter>Header Files</Filter>
    </ClInclude>
  </ItemGroup>
  <ItemGroup>
    <ClCompile Include="stdafx.cpp">
      <Filter>Source Files</Filter>
    </ClCompile>
    <ClCompile Include="LendingClub.cpp">
      <Filter>Source Files</Filter>
    </ClCompile>
    <ClCompile Include="Utilities.cpp">
      <Filter>Source Files</Filter>
    </ClCompile>
    <ClCompile Include="main.cpp">
      <Filter>Source Files</Filter>
    </ClCompile>
    <ClCompile Include="AccountsOpenPast24Months.cpp">
      <Filter>Source Files</Filter>
    </ClCompile>
    <ClCompile Include="AmountRequested.cpp">
      <Filter>Source Files</Filter>
    </ClCompile>
    <ClCompile Include="AnnualIncome.cpp">
      <Filter>Source Files</Filter>
    </ClCompile>
    <ClCompile Include="CreditGrade.cpp">
      <Filter>Source Files</Filter>
    </ClCompile>
    <ClCompile Include="DebtToIncomeRatio.cpp">
      <Filter>Source Files</Filter>
    </ClCompile>
    <ClCompile Include="Delinquencies.cpp">
      <Filter>Source Files</Filter>
    </ClCompile>
    <ClCompile Include="EarliestCreditLine.cpp">
      <Filter>Source Files</Filter>
    </ClCompile>
    <ClCompile Include="HomeOwnership.cpp">
      <Filter>Source Files</Filter>
    </ClCompile>
    <ClCompile Include="IncomeValidated.cpp">
      <Filter>Source Files</Filter>
    </ClCompile>
    <ClCompile Include="EmploymentLength.cpp">
      <Filter>Source Files</Filter>
    </ClCompile>
    <ClCompile Include="InqueriesLast6Months.cpp">
      <Filter>Source Files</Filter>
    </ClCompile>
    <ClCompile Include="LoanPurpose.cpp">
      <Filter>Source Files</Filter>
    </ClCompile>
    <ClCompile Include="MonthsSinceLastDelinquency.cpp">
      <Filter>Source Files</Filter>
    </ClCompile>
    <ClCompile Include="PublicRecordsOnFile.cpp">
      <Filter>Source Files</Filter>
    </ClCompile>
    <ClCompile Include="RevolvingLineUtilization.cpp">
      <Filter>Source Files</Filter>
    </ClCompile>
    <ClCompile Include="State.cpp">
      <Filter>Source Files</Filter>
    </ClCompile>
    <ClCompile Include="TotalCreditLines.cpp">
      <Filter>Source Files</Filter>
    </ClCompile>
    <ClCompile Include="WordsInDescription.cpp">
      <Filter>Source Files</Filter>
    </ClCompile>
    <ClCompile Include="Arguments.cpp">
      <Filter>Source Files</Filter>
    </ClCompile>
    <ClCompile Include="StubFilter.cpp">
      <Filter>Source Files</Filter>
    </ClCompile>
  </ItemGroup>
</Project>